
Microsoft Visual Studio Solution File, Format Version 12.00
# Visual Studio Version 17
VisualStudioVersion = 17.2.32616.157
MinimumVisualStudioVersion = 10.0.40219.1
Project("{FAE04EC0-301F-11D3-BF4B-00C04F79EFBC}") = "CC_Lab3", "CC_Lab3\CC_Lab3.csproj", "{BC918326-2A24-4E94-BB20-4FCAA2DDB6D6}"
EndProject
Global
	GlobalSection(SolutionConfigurationPlatforms) = preSolution
		Debug|Any CPU = Debug|Any CPU
		Release|Any CPU = Release|Any CPU
	EndGlobalSection
	GlobalSection(ProjectConfigurationPlatforms) = postSolution
		{BC918326-2A24-4E94-BB20-4FCAA2DDB6D6}.Debug|Any CPU.ActiveCfg = Debug|Any CPU
		{BC918326-2A24-4E94-BB20-4FCAA2DDB6D6}.Debug|Any CPU.Build.0 = Debug|Any CPU
		{BC918326-2A24-4E94-BB20-4FCAA2DDB6D6}.Release|Any CPU.ActiveCfg = Release|Any CPU
		{BC918326-2A24-4E94-BB20-4FCAA2DDB6D6}.Release|Any CPU.Build.0 = Release|Any CPU
	EndGlobalSection
	GlobalSection(SolutionProperties) = preSolution
		HideSolutionNode = FALSE
	EndGlobalSection
	GlobalSection(ExtensibilityGlobals) = postSolution
		SolutionGuid = {20CF546D-8F55-4EC2-87D4-5789A96F9766}
	EndGlobalSection
EndGlobal
